
Microsoft Visual Studio Solution File, Format Version 12.00
# Visual Studio 2013
VisualStudioVersion = 12.0.21005.1
MinimumVisualStudioVersion = 10.0.40219.1
Project("{FAE04EC0-301F-11D3-BF4B-00C04F79EFBC}") = "Web", "Web\Web.csproj", "{92144219-021D-4A27-B608-2C223B078136}"
	ProjectSection(ProjectDependencies) = postProject
		{C87C7D6F-28A7-4F2C-8910-8019E429C403} = {C87C7D6F-28A7-4F2C-8910-8019E429C403}
		{3EC6DFE4-CDCB-412F-8C28-1CE4175DECA9} = {3EC6DFE4-CDCB-412F-8C28-1CE4175DECA9}
	EndProjectSection
EndProject
Project("{FAE04EC0-301F-11D3-BF4B-00C04F79EFBC}") = "Data", "Data\Data.csproj", "{B1E14DD2-B9D3-4184-8CFF-F3CCB35B12D1}"
EndProject
Project("{FAE04EC0-301F-11D3-BF4B-00C04F79EFBC}") = "WcfService", "WcfService\WcfService.csproj", "{3EC6DFE4-CDCB-412F-8C28-1CE4175DECA9}"
EndProject
Project("{FAE04EC0-301F-11D3-BF4B-00C04F79EFBC}") = "RestService", "RestService\RestService.csproj", "{C87C7D6F-28A7-4F2C-8910-8019E429C403}"
EndProject
Global
	GlobalSection(SolutionConfigurationPlatforms) = preSolution
		Debug|Any CPU = Debug|Any CPU
		Release|Any CPU = Release|Any CPU
	EndGlobalSection
	GlobalSection(ProjectConfigurationPlatforms) = postSolution
		{92144219-021D-4A27-B608-2C223B078136}.Debug|Any CPU.ActiveCfg = Debug|Any CPU
		{92144219-021D-4A27-B608-2C223B078136}.Debug|Any CPU.Build.0 = Debug|Any CPU
		{92144219-021D-4A27-B608-2C223B078136}.Release|Any CPU.ActiveCfg = Release|Any CPU
		{92144219-021D-4A27-B608-2C223B078136}.Release|Any CPU.Build.0 = Release|Any CPU
		{B1E14DD2-B9D3-4184-8CFF-F3CCB35B12D1}.Debug|Any CPU.ActiveCfg = Debug|Any CPU
		{B1E14DD2-B9D3-4184-8CFF-F3CCB35B12D1}.Debug|Any CPU.Build.0 = Debug|Any CPU
		{B1E14DD2-B9D3-4184-8CFF-F3CCB35B12D1}.Release|Any CPU.ActiveCfg = Release|Any CPU
		{B1E14DD2-B9D3-4184-8CFF-F3CCB35B12D1}.Release|Any CPU.Build.0 = Release|Any CPU
		{3EC6DFE4-CDCB-412F-8C28-1CE4175DECA9}.Debug|Any CPU.ActiveCfg = Debug|Any CPU
		{3EC6DFE4-CDCB-412F-8C28-1CE4175DECA9}.Debug|Any CPU.Build.0 = Debug|Any CPU
		{3EC6DFE4-CDCB-412F-8C28-1CE4175DECA9}.Release|Any CPU.ActiveCfg = Release|Any CPU
		{3EC6DFE4-CDCB-412F-8C28-1CE4175DECA9}.Release|Any CPU.Build.0 = Release|Any CPU
		{C87C7D6F-28A7-4F2C-8910-8019E429C403}.Debug|Any CPU.ActiveCfg = Debug|Any CPU
		{C87C7D6F-28A7-4F2C-8910-8019E429C403}.Debug|Any CPU.Build.0 = Debug|Any CPU
		{C87C7D6F-28A7-4F2C-8910-8019E429C403}.Release|Any CPU.ActiveCfg = Release|Any CPU
		{C87C7D6F-28A7-4F2C-8910-8019E429C403}.Release|Any CPU.Build.0 = Release|Any CPU
	EndGlobalSection
	GlobalSection(SolutionProperties) = preSolution
		HideSolutionNode = FALSE
	EndGlobalSection
EndGlobal
